{
  "name": "cdk_deploy",
  "version": "0.1.0",
  "lockfileVersion": 3,
  "requires": true,
  "packages": {
    "": {
      "name": "cdk_deploy",
      "version": "0.1.0",
      "dependencies": {
        "aws-cdk-lib": "^2.205.0",
        "cdk-nag": "^2.36.22",
        "constructs": "^10.3.0"
      },
      "bin": {
        "cdk_deploy": "bin/cdk_deploy.js"
      },
      "devDependencies": {
        "aws-cdk": "2.1021.0"
      }
    },
    "node_modules/@aws-cdk/asset-awscli-v1": {
      "version": "2.2.242",
      "resolved": "https://registry.npmjs.org/@aws-cdk/asset-awscli-v1/-/asset-awscli-v1-2.2.242.tgz",
      "integrity": "sha512-4c1bAy2ISzcdKXYS1k4HYZsNrgiwbiDzj36ybwFVxEWZXVAP0dimQTCaB9fxu7sWzEjw3d+eaw6Fon+QTfTIpQ==",
      "license": "Apache-2.0"
    },
    "node_modules/@aws-cdk/asset-node-proxy-agent-v6": {
      "version": "2.1.0",
      "resolved": "https://registry.npmjs.org/@aws-cdk/asset-node-proxy-agent-v6/-/asset-node-proxy-agent-v6-2.1.0.tgz",
      "integrity": "sha512-7bY3J8GCVxLupn/kNmpPc5VJz8grx+4RKfnnJiO1LG+uxkZfANZG3RMHhE+qQxxwkyQ9/MfPtTpf748UhR425A==",
      "license": "Apache-2.0"
    },
    "node_modules/@aws-cdk/cloud-assembly-schema": {
      "version": "45.2.0",
      "resolved": "https://registry.npmjs.org/@aws-cdk/cloud-assembly-schema/-/cloud-assembly-schema-45.2.0.tgz",
      "integrity": "sha512-5TTUkGHQ+nfuUGwKA8/Yraxb+JdNUh4np24qk/VHXmrCMq+M6HfmGWfhcg/QlHA2S5P3YIamfYHdQAB4uSNLAg==",
      "bundleDependencies": [
        "jsonschema",
        "semver"
      ],
      "license": "Apache-2.0",
      "dependencies": {
        "jsonschema": "~1.4.1",
        "semver": "^7.7.2"
      },
      "engines": {
        "node": ">= 18.0.0"
      }
    },
    "node_modules/@aws-cdk/cloud-assembly-schema/node_modules/jsonschema": {
      "version": "1.4.1",
      "inBundle": true,
      "license": "MIT",
      "engines": {
        "node": "*"
      }
    },
    "node_modules/@aws-cdk/cloud-assembly-schema/node_modules/semver": {
      "version": "7.7.2",
      "inBundle": true,
      "license": "ISC",
      "bin": {
        "semver": "bin/semver.js"
      },
      "engines": {
        "node": ">=10"
      }
    },
    "node_modules/aws-cdk": {
      "version": "2.1021.0",
      "resolved": "https://registry.npmjs.org/aws-cdk/-/aws-cdk-2.1021.0.tgz",
      "integrity": "sha512-kE557b4N9UFWax+7km3R6D56o4tGhpzOks/lRDugaoC8su3mocLCXJhb954b/IRl0ipnbZnY/Sftq+RQ/sxivg==",
      "dev": true,
      "license": "Apache-2.0",
      "bin": {
        "cdk": "bin/cdk"
      },
      "engines": {
        "node": ">= 18.0.0"
      },
      "optionalDependencies": {
        "fsevents": "2.3.2"
      }
    },
    "node_modules/aws-cdk-lib": {
      "version": "2.205.0",
      "resolved": "https://registry.npmjs.org/aws-cdk-lib/-/aws-cdk-lib-2.205.0.tgz",
      "integrity": "sha512-GZHy/F8jql+1aFlgIhGQuLl9zHvceHL0VRuBgaYngwWrflHc+ZN3eCEtfzCblA2bXmi4NbLljpSUBIGBVx2EEQ==",
      "bundleDependencies": [
        "@balena/dockerignore",
        "case",
        "fs-extra",
        "ignore",
        "jsonschema",
        "minimatch",
        "punycode",
        "semver",
        "table",
        "yaml",
        "mime-types"
      ],
      "license": "Apache-2.0",
      "dependencies": {
        "@aws-cdk/asset-awscli-v1": "2.2.242",
        "@aws-cdk/asset-node-proxy-agent-v6": "^2.1.0",
        "@aws-cdk/cloud-assembly-schema": "^45.0.0",
        "@balena/dockerignore": "^1.0.2",
        "case": "1.6.3",
        "fs-extra": "^11.3.0",
        "ignore": "^5.3.2",
        "jsonschema": "^1.5.0",
        "mime-types": "^2.1.35",
        "minimatch": "^3.1.2",
        "punycode": "^2.3.1",
        "semver": "^7.7.2",
        "table": "^6.9.0",
        "yaml": "1.10.2"
      },
      "engines": {
        "node": ">= 14.15.0"
      },
      "peerDependencies": {
        "constructs": "^10.0.0"
      }
    },
    "node_modules/aws-cdk-lib/node_modules/@balena/dockerignore": {
      "version": "1.0.2",
      "inBundle": true,
      "license": "Apache-2.0"
    },
    "node_modules/aws-cdk-lib/node_modules/ajv": {
      "version": "8.17.1",
      "inBundle": true,
      "license": "MIT",
      "dependencies": {
        "fast-deep-equal": "^3.1.3",
        "fast-uri": "^3.0.1",
        "json-schema-traverse": "^1.0.0",
        "require-from-string": "^2.0.2"
      },
      "funding": {
        "type": "github",
        "url": "https://github.com/sponsors/epoberezkin"
      }
    },
    "node_modules/aws-cdk-lib/node_modules/ansi-regex": {
      "version": "5.0.1",
      "inBundle": true,
      "license": "MIT",
      "engines": {
        "node": ">=8"
      }
    },
    "node_modules/aws-cdk-lib/node_modules/ansi-styles": {
      "version": "4.3.0",
      "inBundle": true,
      "license": "MIT",
      "dependencies": {
        "color-convert": "^2.0.1"
      },
      "engines": {
        "node": ">=8"
      },
      "funding": {
        "url": "https://github.com/chalk/ansi-styles?sponsor=1"
      }
    },
    "node_modules/aws-cdk-lib/node_modules/astral-regex": {
      "version": "2.0.0",
      "inBundle": true,
      "license": "MIT",
      "engines": {
        "node": ">=8"
      }
    },
    "node_modules/aws-cdk-lib/node_modules/balanced-match": {
      "version": "1.0.2",
      "inBundle": true,
      "license": "MIT"
    },
    "node_modules/aws-cdk-lib/node_modules/brace-expansion": {
      "version": "1.1.12",
      "inBundle": true,
      "license": "MIT",
      "dependencies": {
        "balanced-match": "^1.0.0",
        "concat-map": "0.0.1"
      }
    },
    "node_modules/aws-cdk-lib/node_modules/case": {
      "version": "1.6.3",
      "inBundle": true,
      "license": "(MIT OR GPL-3.0-or-later)",
      "engines": {
        "node": ">= 0.8.0"
      }
    },
    "node_modules/aws-cdk-lib/node_modules/color-convert": {
      "version": "2.0.1",
      "inBundle": true,
      "license": "MIT",
      "dependencies": {
        "color-name": "~1.1.4"
      },
      "engines": {
        "node": ">=7.0.0"
      }
    },
    "node_modules/aws-cdk-lib/node_modules/color-name": {
      "version": "1.1.4",
      "inBundle": true,
      "license": "MIT"
    },
    "node_modules/aws-cdk-lib/node_modules/concat-map": {
      "version": "0.0.1",
      "inBundle": true,
      "license": "MIT"
    },
    "node_modules/aws-cdk-lib/node_modules/emoji-regex": {
      "version": "8.0.0",
      "inBundle": true,
      "license": "MIT"
    },
    "node_modules/aws-cdk-lib/node_modules/fast-deep-equal": {
      "version": "3.1.3",
      "inBundle": true,
      "license": "MIT"
    },
    "node_modules/aws-cdk-lib/node_modules/fast-uri": {
      "version": "3.0.6",
      "funding": [
        {
          "type": "github",
          "url": "https://github.com/sponsors/fastify"
        },
        {
          "type": "opencollective",
          "url": "https://opencollective.com/fastify"
        }
      ],
      "inBundle": true,
      "license": "BSD-3-Clause"
    },
    "node_modules/aws-cdk-lib/node_modules/fs-extra": {
      "version": "11.3.0",
      "inBundle": true,
      "license": "MIT",
      "dependencies": {
        "graceful-fs": "^4.2.0",
        "jsonfile": "^6.0.1",
        "universalify": "^2.0.0"
      },
      "engines": {
        "node": ">=14.14"
      }
    },
    "node_modules/aws-cdk-lib/node_modules/graceful-fs": {
      "version": "4.2.11",
      "inBundle": true,
      "license": "ISC"
    },
    "node_modules/aws-cdk-lib/node_modules/ignore": {
      "version": "5.3.2",
      "inBundle": true,
      "license": "MIT",
      "engines": {
        "node": ">= 4"
      }
    },
    "node_modules/aws-cdk-lib/node_modules/is-fullwidth-code-point": {
      "version": "3.0.0",
      "inBundle": true,
      "license": "MIT",
      "engines": {
        "node": ">=8"
      }
    },
    "node_modules/aws-cdk-lib/node_modules/json-schema-traverse": {
      "version": "1.0.0",
      "inBundle": true,
      "license": "MIT"
    },
    "node_modules/aws-cdk-lib/node_modules/jsonfile": {
      "version": "6.1.0",
      "inBundle": true,
      "license": "MIT",
      "dependencies": {
        "universalify": "^2.0.0"
      },
      "optionalDependencies": {
        "graceful-fs": "^4.1.6"
      }
    },
    "node_modules/aws-cdk-lib/node_modules/jsonschema": {
      "version": "1.5.0",
      "inBundle": true,
      "license": "MIT",
      "engines": {
        "node": "*"
      }
    },
    "node_modules/aws-cdk-lib/node_modules/lodash.truncate": {
      "version": "4.4.2",
      "inBundle": true,
      "license": "MIT"
    },
    "node_modules/aws-cdk-lib/node_modules/mime-db": {
      "version": "1.52.0",
      "inBundle": true,
      "license": "MIT",
      "engines": {
        "node": ">= 0.6"
      }
    },
    "node_modules/aws-cdk-lib/node_modules/mime-types": {
      "version": "2.1.35",
      "inBundle": true,
      "license": "MIT",
      "dependencies": {
        "mime-db": "1.52.0"
      },
      "engines": {
        "node": ">= 0.6"
      }
    },
    "node_modules/aws-cdk-lib/node_modules/minimatch": {
      "version": "3.1.2",
      "inBundle": true,
      "license": "ISC",
      "dependencies": {
        "brace-expansion": "^1.1.7"
      },
      "engines": {
        "node": "*"
      }
    },
    "node_modules/aws-cdk-lib/node_modules/punycode": {
      "version": "2.3.1",
      "inBundle": true,
      "license": "MIT",
      "engines": {
        "node": ">=6"
      }
    },
    "node_modules/aws-cdk-lib/node_modules/require-from-string": {
      "version": "2.0.2",
      "inBundle": true,
      "license": "MIT",
      "engines": {
        "node": ">=0.10.0"
      }
    },
    "node_modules/aws-cdk-lib/node_modules/semver": {
      "version": "7.7.2",
      "inBundle": true,
      "license": "ISC",
      "bin": {
        "semver": "bin/semver.js"
      },
      "engines": {
        "node": ">=10"
      }
    },
    "node_modules/aws-cdk-lib/node_modules/slice-ansi": {
      "version": "4.0.0",
      "inBundle": true,
      "license": "MIT",
      "dependencies": {
        "ansi-styles": "^4.0.0",
        "astral-regex": "^2.0.0",
        "is-fullwidth-code-point": "^3.0.0"
      },
      "engines": {
        "node": ">=10"
      },
      "funding": {
        "url": "https://github.com/chalk/slice-ansi?sponsor=1"
      }
    },
    "node_modules/aws-cdk-lib/node_modules/string-width": {
      "version": "4.2.3",
      "inBundle": true,
      "license": "MIT",
      "dependencies": {
        "emoji-regex": "^8.0.0",
        "is-fullwidth-code-point": "^3.0.0",
        "strip-ansi": "^6.0.1"
      },
      "engines": {
        "node": ">=8"
      }
    },
    "node_modules/aws-cdk-lib/node_modules/strip-ansi": {
      "version": "6.0.1",
      "inBundle": true,
      "license": "MIT",
      "dependencies": {
        "ansi-regex": "^5.0.1"
      },
      "engines": {
        "node": ">=8"
      }
    },
    "node_modules/aws-cdk-lib/node_modules/table": {
      "version": "6.9.0",
      "inBundle": true,
      "license": "BSD-3-Clause",
      "dependencies": {
        "ajv": "^8.0.1",
        "lodash.truncate": "^4.4.2",
        "slice-ansi": "^4.0.0",
        "string-width": "^4.2.3",
        "strip-ansi": "^6.0.1"
      },
      "engines": {
        "node": ">=10.0.0"
      }
    },
    "node_modules/aws-cdk-lib/node_modules/universalify": {
      "version": "2.0.1",
      "inBundle": true,
      "license": "MIT",
      "engines": {
        "node": ">= 10.0.0"
      }
    },
    "node_modules/aws-cdk-lib/node_modules/yaml": {
      "version": "1.10.2",
      "inBundle": true,
      "license": "ISC",
      "engines": {
        "node": ">= 6"
      }
    },
    "node_modules/cdk-nag": {
      "version": "2.36.40",
      "resolved": "https://registry.npmjs.org/cdk-nag/-/cdk-nag-2.36.40.tgz",
      "integrity": "sha512-8ZmVuGMAfwJcz88uGBj0plGi7qNN4jTmlj/td7jzNcaBoPx4ZGq/hresTTY8uvg26apjxgSZgZswzLoWGyMfOg==",
      "license": "Apache-2.0",
      "peerDependencies": {
        "aws-cdk-lib": "^2.156.0",
        "constructs": "^10.0.5"
      }
    },
    "node_modules/constructs": {
      "version": "10.4.2",
      "resolved": "https://registry.npmjs.org/constructs/-/constructs-10.4.2.tgz",
      "integrity": "sha512-wsNxBlAott2qg8Zv87q3eYZYgheb9lchtBfjHzzLHtXbttwSrHPs1NNQbBrmbb1YZvYg2+Vh0Dor76w4mFxJkA==",
      "license": "Apache-2.0"
    },
    "node_modules/fsevents": {
      "version": "2.3.2",
      "resolved": "https://registry.npmjs.org/fsevents/-/fsevents-2.3.2.tgz",
      "integrity": "sha512-xiqMQR4xAeHTuB9uWm+fFRcIOgKBMiOBP+eXiyT7jsgVCq1bkVygt00oASowB7EdtpOHaaPgKt812P9ab+DDKA==",
      "dev": true,
      "hasInstallScript": true,
      "license": "MIT",
      "optional": true,
      "os": [
        "darwin"
      ],
      "engines": {
        "node": "^8.16.0 || ^10.6.0 || >=11.0.0"
      }
    }
  }
}
